// !$*UTF8*$!
{
	archiveVersion = 1;
	classes = {
	};
	objectVersion = 56;
	objects = {

/* Begin PBXBuildFile section */
		E96343EF2B289845005F82BF /* QuranAppApp.swift in Sources */ = {isa = PBXBuildFile; fileRef = E96343EE2B289845005F82BF /* QuranAppApp.swift */; };
		E96343F12B289845005F82BF /* ContentView.swift in Sources */ = {isa = PBXBuildFile; fileRef = E96343F02B289845005F82BF /* ContentView.swift */; };
		E96343F32B289845005F82BF /* Item.swift in Sources */ = {isa = PBXBuildFile; fileRef = E96343F22B289845005F82BF /* Item.swift */; };
		E96343F52B289846005F82BF /* Assets.xcassets in Resources */ = {isa = PBXBuildFile; fileRef = E96343F42B289846005F82BF /* Assets.xcassets */; };
		E96343F82B289846005F82BF /* Preview Assets.xcassets in Resources */ = {isa = PBXBuildFile; fileRef = E96343F72B289846005F82BF /* Preview Assets.xcassets */; };
		E96344022B289846005F82BF /* QuranAppTests.swift in Sources */ = {isa = PBXBuildFile; fileRef = E96344012B289846005F82BF /* QuranAppTests.swift */; };
		E963440C2B289846005F82BF /* QuranAppUITests.swift in Sources */ = {isa = PBXBuildFile; fileRef = E963440B2B289846005F82BF /* QuranAppUITests.swift */; };
		E963440E2B289846005F82BF /* QuranAppUITestsLaunchTests.swift in Sources */ = {isa = PBXBuildFile; fileRef = E963440D2B289846005F82BF /* QuranAppUITestsLaunchTests.swift */; };
/* End PBXBuildFile section */

/* Begin PBXContainerItemProxy section */
		E96343FE2B289846005F82BF /* PBXContainerItemProxy */ = {
			isa = PBXContainerItemProxy;
			containerPortal = E96343E32B289845005F82BF /* Project object */;
			proxyType = 1;
			remoteGlobalIDString = E96343EA2B289845005F82BF;
			remoteInfo = QuranApp;
		};
		E96344082B289846005F82BF /* PBXContainerItemProxy */ = {
			isa = PBXContainerItemProxy;
			containerPortal = E96343E32B289845005F82BF /* Project object */;
			proxyType = 1;
			remoteGlobalIDString = E96343EA2B289845005F82BF;
			remoteInfo = QuranApp;
		};
/* End PBXContainerItemProxy section */

/* Begin PBXFileReference section */
		E96343EB2B289845005F82BF /* QuranApp.app */ = {isa = PBXFileReference; explicitFileType = wrapper.application; includeInIndex = 0; path = QuranApp.app; sourceTree = BUILT_PRODUCTS_DIR; };
		E96343EE2B289845005F82BF /* QuranAppApp.swift */ = {isa = PBXFileReference; lastKnownFileType = sourcecode.swift; path = QuranAppApp.swift; sourceTree = "<group>"; };
		E96343F02B289845005F82BF /* ContentView.swift */ = {isa = PBXFileReference; lastKnownFileType = sourcecode.swift; path = ContentView.swift; sourceTree = "<group>"; };
		E96343F22B289845005F82BF /* Item.swift */ = {isa = PBXFileReference; lastKnownFileType = sourcecode.swift; path = Item.swift; sourceTree = "<group>"; };
		E96343F42B289846005F82BF /* Assets.xcassets */ = {isa = PBXFileReference; lastKnownFileType = folder.assetcatalog; path = Assets.xcassets; sourceTree = "<group>"; };
		E96343F72B289846005F82BF /* Preview Assets.xcassets */ = {isa = PBXFileReference; lastKnownFileType = folder.assetcatalog; path = "Preview Assets.xcassets"; sourceTree = "<group>"; };
		E96343FD2B289846005F82BF /* QuranAppTests.xctest */ = {isa = PBXFileReference; explicitFileType = wrapper.cfbundle; includeInIndex = 0; path = QuranAppTests.xctest; sourceTree = BUILT_PRODUCTS_DIR; };
		E96344012B289846005F82BF /* QuranAppTests.swift */ = {isa = PBXFileReference; lastKnownFileType = sourcecode.swift; path = QuranAppTests.swift; sourceTree = "<group>"; };
		E96344072B289846005F82BF /* QuranAppUITests.xctest */ = {isa = PBXFileReference; explicitFileType = wrapper.cfbundle; includeInIndex = 0; path = QuranAppUITests.xctest; sourceTree = BUILT_PRODUCTS_DIR; };
		E963440B2B289846005F82BF /* QuranAppUITests.swift */ = {isa = PBXFileReference; lastKnownFileType = sourcecode.swift; path = QuranAppUITests.swift; sourceTree = "<group>"; };
		E963440D2B289846005F82BF /* QuranAppUITestsLaunchTests.swift */ = {isa = PBXFileReference; lastKnownFileType = sourcecode.swift; path = QuranAppUITestsLaunchTests.swift; sourceTree = "<group>"; };
/* End PBXFileReference section */

/* Begin PBXFrameworksBuildPhase section */
		E96343E82B289845005F82BF /* Frameworks */ = {
			isa = PBXFrameworksBuildPhase;
			buildActionMask = 2147483647;
			files = (
			);
			runOnlyForDeploymentPostprocessing = 0;
		};
		E96343FA2B289846005F82BF /* Frameworks */ = {
			isa = PBXFrameworksBuildPhase;
			buildActionMask = 2147483647;
			files = (
			);
			runOnlyForDeploymentPostprocessing = 0;
		};
		E96344042B289846005F82BF /* Frameworks */ = {
			isa = PBXFrameworksBuildPhase;
			buildActionMask = 2147483647;
			files = (
			);
			runOnlyForDeploymentPostprocessing = 0;
		};
/* End PBXFrameworksBuildPhase section */

/* Begin PBXGroup section */
		E96343E22B289845005F82BF = {
			isa = PBXGroup;
			children = (
				E96343ED2B289845005F82BF /* QuranApp */,
				E96344002B289846005F82BF /* QuranAppTests */,
				E963440A2B289846005F82BF /* QuranAppUITests */,
				E96343EC2B289845005F82BF /* Products */,
			);
			sourceTree = "<group>";
		};
		E96343EC2B289845005F82BF /* Products */ = {
			isa = PBXGroup;
			children = (
				E96343EB2B289845005F82BF /* QuranApp.app */,
				E96343FD2B289846005F82BF /* QuranAppTests.xctest */,
				E96344072B289846005F82BF /* QuranAppUITests.xctest */,
			);
			name = Products;
			sourceTree = "<group>";
		};
		E96343ED2B289845005F82BF /* QuranApp */ = {
			isa = PBXGroup;
			children = (
				E96343EE2B289845005F82BF /* QuranAppApp.swift */,
				E96343F02B289845005F82BF /* ContentView.swift */,
				E96343F22B289845005F82BF /* Item.swift */,
				E96343F42B289846005F82BF /* Assets.xcassets */,
				E96343F62B289846005F82BF /* Preview Content */,
			);
			path = QuranApp;
			sourceTree = "<group>";
		};
		E96343F62B289846005F82BF /* Preview Content */ = {
			isa = PBXGroup;
			children = (
				E96343F72B289846005F82BF /* Preview Assets.xcassets */,
			);
			path = "Preview Content";
			sourceTree = "<group>";
		};
		E96344002B289846005F82BF /* QuranAppTests */ = {
			isa = PBXGroup;
			children = (
				E96344012B289846005F82BF /* QuranAppTests.swift */,
			);
			path = QuranAppTests;
			sourceTree = "<group>";
		};
		E963440A2B289846005F82BF /* QuranAppUITests */ = {
			isa = PBXGroup;
			children = (
				E963440B2B289846005F82BF /* QuranAppUITests.swift */,
				E963440D2B289846005F82BF /* QuranAppUITestsLaunchTests.swift */,
			);
			path = QuranAppUITests;
			sourceTree = "<group>";
		};
/* End PBXGroup section */

/* Begin PBXNativeTarget section */
		E96343EA2B289845005F82BF /* QuranApp */ = {
			isa = PBXNativeTarget;
			buildConfigurationList = E96344112B289846005F82BF /* Build configuration list for PBXNativeTarget "QuranApp" */;
			buildPhases = (
				E96343E72B289845005F82BF /* Sources */,
				E96343E82B289845005F82BF /* Frameworks */,
				E96343E92B289845005F82BF /* Resources */,
			);
			buildRules = (
			);
			dependencies = (
			);
			name = QuranApp;
			productName = QuranApp;
			productReference = E96343EB2B289845005F82BF /* QuranApp.app */;
			productType = "com.apple.product-type.application";
		};
		E96343FC2B289846005F82BF /* QuranAppTests */ = {
			isa = PBXNativeTarget;
			buildConfigurationList = E96344142B289846005F82BF /* Build configuration list for PBXNativeTarget "QuranAppTests" */;
			buildPhases = (
				E96343F92B289846005F82BF /* Sources */,
				E96343FA2B289846005F82BF /* Frameworks */,
				E96343FB2B289846005F82BF /* Resources */,
			);
			buildRules = (
			);
			dependencies = (
				E96343FF2B289846005F82BF /* PBXTargetDependency */,
			);
			name = QuranAppTests;
			productName = QuranAppTests;
			productReference = E96343FD2B289846005F82BF /* QuranAppTests.xctest */;
			productType = "com.apple.product-type.bundle.unit-test";
		};
		E96344062B289846005F82BF /* QuranAppUITests */ = {
			isa = PBXNativeTarget;
			buildConfigurationList = E96344172B289846005F82BF /* Build configuration list for PBXNativeTarget "QuranAppUITests" */;
			buildPhases = (
				E96344032B289846005F82BF /* Sources */,
				E96344042B289846005F82BF /* Frameworks */,
				E96344052B289846005F82BF /* Resources */,
			);
			buildRules = (
			);
			dependencies = (
				E96344092B289846005F82BF /* PBXTargetDependency */,
			);
			name = QuranAppUITests;
			productName = QuranAppUITests;
			productReference = E96344072B289846005F82BF /* QuranAppUITests.xctest */;
			productType = "com.apple.product-type.bundle.ui-testing";
		};
/* End PBXNativeTarget section */

/* Begin PBXProject section */
		E96343E32B289845005F82BF /* Project object */ = {
			isa = PBXProject;
			attributes = {
				BuildIndependentTargetsInParallel = 1;
				LastSwiftUpdateCheck = 1500;
				LastUpgradeCheck = 1500;
				TargetAttributes = {
					E96343EA2B289845005F82BF = {
						CreatedOnToolsVersion = 15.0;
					};
					E96343FC2B289846005F82BF = {
						CreatedOnToolsVersion = 15.0;
						TestTargetID = E96343EA2B289845005F82BF;
					};
					E96344062B289846005F82BF = {
						CreatedOnToolsVersion = 15.0;
						TestTargetID = E96343EA2B289845005F82BF;
					};
				};
			};
			buildConfigurationList = E96343E62B289845005F82BF /* Build configuration list for PBXProject "QuranApp" */;
			compatibilityVersion = "Xcode 14.0";
			developmentRegion = en;
			hasScannedForEncodings = 0;
			knownRegions = (
				en,
				Base,
			);
			mainGroup = E96343E22B289845005F82BF;
			productRefGroup = E96343EC2B289845005F82BF /* Products */;
			projectDirPath = "";
			projectRoot = "";
			targets = (
				E96343EA2B289845005F82BF /* QuranApp */,
				E96343FC2B289846005F82BF /* QuranAppTests */,
				E96344062B289846005F82BF /* QuranAppUITests */,
			);
		};
/* End PBXProject section */

/* Begin PBXResourcesBuildPhase section */
		E96343E92B289845005F82BF /* Resources */ = {
			isa = PBXResourcesBuildPhase;
			buildActionMask = 2147483647;
			files = (
				E96343F82B289846005F82BF /* Preview Assets.xcassets in Resources */,
				E96343F52B289846005F82BF /* Assets.xcassets in Resources */,
			);
			runOnlyForDeploymentPostprocessing = 0;
		};
		E96343FB2B289846005F82BF /* Resources */ = {
			isa = PBXResourcesBuildPhase;
			buildActionMask = 2147483647;
			files = (
			);
			runOnlyForDeploymentPostprocessing = 0;
		};
		E96344052B289846005F82BF /* Resources */ = {
			isa = PBXResourcesBuildPhase;
			buildActionMask = 2147483647;
			files = (
			);
			runOnlyForDeploymentPostprocessing = 0;
		};
/* End PBXResourcesBuildPhase section */

/* Begin PBXSourcesBuildPhase section */
		E96343E72B289845005F82BF /* Sources */ = {
			isa = PBXSourcesBuildPhase;
			buildActionMask = 2147483647;
			files = (
				E96343F12B289845005F82BF /* ContentView.swift in Sources */,
				E96343F32B289845005F82BF /* Item.swift in Sources */,
				E96343EF2B289845005F82BF /* QuranAppApp.swift in Sources */,
			);
			runOnlyForDeploymentPostprocessing = 0;
		};
		E96343F92B289846005F82BF /* Sources */ = {
			isa = PBXSourcesBuildPhase;
			buildActionMask = 2147483647;
			files = (
				E96344022B289846005F82BF /* QuranAppTests.swift in Sources */,
			);
			runOnlyForDeploymentPostprocessing = 0;
		};
		E96344032B289846005F82BF /* Sources */ = {
			isa = PBXSourcesBuildPhase;
			buildActionMask = 2147483647;
			files = (
				E963440E2B289846005F82BF /* QuranAppUITestsLaunchTests.swift in Sources */,
				E963440C2B289846005F82BF /* QuranAppUITests.swift in Sources */,
			);
			runOnlyForDeploymentPostprocessing = 0;
		};
/* End PBXSourcesBuildPhase section */

/* Begin PBXTargetDependency section */
		E96343FF2B289846005F82BF /* PBXTargetDependency */ = {
			isa = PBXTargetDependency;
			target = E96343EA2B289845005F82BF /* QuranApp */;
			targetProxy = E96343FE2B289846005F82BF /* PBXContainerItemProxy */;
		};
		E96344092B289846005F82BF /* PBXTargetDependency */ = {
			isa = PBXTargetDependency;
			target = E96343EA2B289845005F82BF /* QuranApp */;
			targetProxy = E96344082B289846005F82BF /* PBXContainerItemProxy */;
		};
/* End PBXTargetDependency section */

/* Begin XCBuildConfiguration section */
		E963440F2B289846005F82BF /* Debug */ = {
			isa = XCBuildConfiguration;
			buildSettings = {
				ALWAYS_SEARCH_USER_PATHS = NO;
				ASSETCATALOG_COMPILER_GENERATE_SWIFT_ASSET_SYMBOL_EXTENSIONS = YES;
				CLANG_ANALYZER_NONNULL = YES;
				CLANG_ANALYZER_NUMBER_OBJECT_CONVERSION = YES_AGGRESSIVE;
				CLANG_CXX_LANGUAGE_STANDARD = "gnu++20";
				CLANG_ENABLE_MODULES = YES;
				CLANG_ENABLE_OBJC_ARC = YES;
				CLANG_ENABLE_OBJC_WEAK = YES;
				CLANG_WARN_BLOCK_CAPTURE_AUTORELEASING = YES;
				CLANG_WARN_BOOL_CONVERSION = YES;
				CLANG_WARN_COMMA = YES;
				CLANG_WARN_CONSTANT_CONVERSION = YES;
				CLANG_WARN_DEPRECATED_OBJC_IMPLEMENTATIONS = YES;
				CLANG_WARN_DIRECT_OBJC_ISA_USAGE = YES_ERROR;
				CLANG_WARN_DOCUMENTATION_COMMENTS = YES;
				CLANG_WARN_EMPTY_BODY = YES;
				CLANG_WARN_ENUM_CONVERSION = YES;
				CLANG_WARN_INFINITE_RECURSION = YES;
				CLANG_WARN_INT_CONVERSION = YES;
				CLANG_WARN_NON_LITERAL_NULL_CONVERSION = YES;
				CLANG_WARN_OBJC_IMPLICIT_RETAIN_SELF = YES;
				CLANG_WARN_OBJC_LITERAL_CONVERSION = YES;
				CLANG_WARN_OBJC_ROOT_CLASS = YES_ERROR;
				CLANG_WARN_QUOTED_INCLUDE_IN_FRAMEWORK_HEADER = YES;
				CLANG_WARN_RANGE_LOOP_ANALYSIS = YES;
				CLANG_WARN_STRICT_PROTOTYPES = YES;
				CLANG_WARN_SUSPICIOUS_MOVE = YES;
				CLANG_WARN_UNGUARDED_AVAILABILITY = YES_AGGRESSIVE;
				CLANG_WARN_UNREACHABLE_CODE = YES;
				CLANG_WARN__DUPLICATE_METHOD_MATCH = YES;
				COPY_PHASE_STRIP = NO;
				DEBUG_INFORMATION_FORMAT = dwarf;
				ENABLE_STRICT_OBJC_MSGSEND = YES;
				ENABLE_TESTABILITY = YES;
				ENABLE_USER_SCRIPT_SANDBOXING = YES;
				GCC_C_LANGUAGE_STANDARD = gnu17;
				GCC_DYNAMIC_NO_PIC = NO;
				GCC_NO_COMMON_BLOCKS = YES;
				GCC_OPTIMIZATION_LEVEL = 0;
				GCC_PREPROCESSOR_DEFINITIONS = (
					"DEBUG=1",
					"$(inherited)",
				);
				GCC_WARN_64_TO_32_BIT_CONVERSION = YES;
				GCC_WARN_ABOUT_RETURN_TYPE = YES_ERROR;
				GCC_WARN_UNDECLARED_SELECTOR = YES;
				GCC_WARN_UNINITIALIZED_AUTOS = YES_AGGRESSIVE;
				GCC_WARN_UNUSED_FUNCTION = YES;
				GCC_WARN_UNUSED_VARIABLE = YES;
				IPHONEOS_DEPLOYMENT_TARGET = 17.0;
				LOCALIZATION_PREFERS_STRING_CATALOGS = YES;
				MTL_ENABLE_DEBUG_INFO = INCLUDE_SOURCE;
				MTL_FAST_MATH = YES;
				ONLY_ACTIVE_ARCH = YES;
				SDKROOT = iphoneos;
				SWIFT_ACTIVE_COMPILATION_CONDITIONS = "DEBUG $(inherited)";
				SWIFT_OPTIMIZATION_LEVEL = "-Onone";
			};
			name = Debug;
		};
		E96344102B289846005F82BF /* Release */ = {
			isa = XCBuildConfiguration;
			buildSettings = {
				ALWAYS_SEARCH_USER_PATHS = NO;
				ASSETCATALOG_COMPILER_GENERATE_SWIFT_ASSET_SYMBOL_EXTENSIONS = YES;
				CLANG_ANALYZER_NONNULL = YES;
				CLANG_ANALYZER_NUMBER_OBJECT_CONVERSION = YES_AGGRESSIVE;
				CLANG_CXX_LANGUAGE_STANDARD = "gnu++20";
				CLANG_ENABLE_MODULES = YES;
				CLANG_ENABLE_OBJC_ARC = YES;
				CLANG_ENABLE_OBJC_WEAK = YES;
				CLANG_WARN_BLOCK_CAPTURE_AUTORELEASING = YES;
				CLANG_WARN_BOOL_CONVERSION = YES;
				CLANG_WARN_COMMA = YES;
				CLANG_WARN_CONSTANT_CONVERSION = YES;
				CLANG_WARN_DEPRECATED_OBJC_IMPLEMENTATIONS = YES;
				CLANG_WARN_DIRECT_OBJC_ISA_USAGE = YES_ERROR;
				CLANG_WARN_DOCUMENTATION_COMMENTS = YES;
				CLANG_WARN_EMPTY_BODY = YES;
				CLANG_WARN_ENUM_CONVERSION = YES;
				CLANG_WARN_INFINITE_RECURSION = YES;
				CLANG_WARN_INT_CONVERSION = YES;
				CLANG_WARN_NON_LITERAL_NULL_CONVERSION = YES;
				CLANG_WARN_OBJC_IMPLICIT_RETAIN_SELF = YES;
				CLANG_WARN_OBJC_LITERAL_CONVERSION = YES;
				CLANG_WARN_OBJC_ROOT_CLASS = YES_ERROR;
				CLANG_WARN_QUOTED_INCLUDE_IN_FRAMEWORK_HEADER = YES;
				CLANG_WARN_RANGE_LOOP_ANALYSIS = YES;
				CLANG_WARN_STRICT_PROTOTYPES = YES;
				CLANG_WARN_SUSPICIOUS_MOVE = YES;
				CLANG_WARN_UNGUARDED_AVAILABILITY = YES_AGGRESSIVE;
				CLANG_WARN_UNREACHABLE_CODE = YES;
				CLANG_WARN__DUPLICATE_METHOD_MATCH = YES;
				COPY_PHASE_STRIP = NO;
				DEBUG_INFORMATION_FORMAT = "dwarf-with-dsym";
				ENABLE_NS_ASSERTIONS = NO;
				ENABLE_STRICT_OBJC_MSGSEND = YES;
				ENABLE_USER_SCRIPT_SANDBOXING = YES;
				GCC_C_LANGUAGE_STANDARD = gnu17;
				GCC_NO_COMMON_BLOCKS = YES;
				GCC_WARN_64_TO_32_BIT_CONVERSION = YES;
				GCC_WARN_ABOUT_RETURN_TYPE = YES_ERROR;
				GCC_WARN_UNDECLARED_SELECTOR = YES;
				GCC_WARN_UNINITIALIZED_AUTOS = YES_AGGRESSIVE;
				GCC_WARN_UNUSED_FUNCTION = YES;
				GCC_WARN_UNUSED_VARIABLE = YES;
				IPHONEOS_DEPLOYMENT_TARGET = 17.0;
				LOCALIZATION_PREFERS_STRING_CATALOGS = YES;
				MTL_ENABLE_DEBUG_INFO = NO;
				MTL_FAST_MATH = YES;
				SDKROOT = iphoneos;
				SWIFT_COMPILATION_MODE = wholemodule;
				VALIDATE_PRODUCT = YES;
			};
			name = Release;
		};
		E96344122B289846005F82BF /* Debug */ = {
			isa = XCBuildConfiguration;
			buildSettings = {
				ASSETCATALOG_COMPILER_APPICON_NAME = AppIcon;
				ASSETCATALOG_COMPILER_GLOBAL_ACCENT_COLOR_NAME = AccentColor;
				CODE_SIGN_STYLE = Automatic;
				CURRENT_PROJECT_VERSION = 1;
				DEVELOPMENT_ASSET_PATHS = "\"QuranApp/Preview Content\"";
				DEVELOPMENT_TEAM = 5QKQYBS38P;
				ENABLE_PREVIEWS = YES;
				GENERATE_INFOPLIST_FILE = YES;
				INFOPLIST_KEY_UIApplicationSceneManifest_Generation = YES;
				INFOPLIST_KEY_UIApplicationSupportsIndirectInputEvents = YES;
				INFOPLIST_KEY_UILaunchScreen_Generation = YES;
				INFOPLIST_KEY_UISupportedInterfaceOrientations_iPad = "UIInterfaceOrientationPortrait UIInterfaceOrientationPortraitUpsideDown UIInterfaceOrientationLandscapeLeft UIInterfaceOrientationLandscapeRight";
				INFOPLIST_KEY_UISupportedInterfaceOrientations_iPhone = "UIInterfaceOrientationPortrait UIInterfaceOrientationLandscapeLeft UIInterfaceOrientationLandscapeRight";
				LD_RUNPATH_SEARCH_PATHS = (
					"$(inherited)",
					"@executable_path/Frameworks",
				);
				MARKETING_VERSION = 1.0;
				PRODUCT_BUNDLE_IDENTIFIER = com.ccp.comm.demo.QuranApp;
				PRODUCT_NAME = "$(TARGET_NAME)";
				SWIFT_EMIT_LOC_STRINGS = YES;
				SWIFT_VERSION = 5.0;
				TARGETED_DEVICE_FAMILY = "1,2";
			};
			name = Debug;
		};
		E96344132B289846005F82BF /* Release */ = {
			isa = XCBuildConfiguration;
			buildSettings = {
				ASSETCATALOG_COMPILER_APPICON_NAME = AppIcon;
				ASSETCATALOG_COMPILER_GLOBAL_ACCENT_COLOR_NAME = AccentColor;
				CODE_SIGN_STYLE = Automatic;
				CURRENT_PROJECT_VERSION = 1;
				DEVELOPMENT_ASSET_PATHS = "\"QuranApp/Preview Content\"";
				DEVELOPMENT_TEAM = 5QKQYBS38P;
				ENABLE_PREVIEWS = YES;
				GENERATE_INFOPLIST_FILE = YES;
				INFOPLIST_KEY_UIApplicationSceneManifest_Generation = YES;
				INFOPLIST_KEY_UIApplicationSupportsIndirectInputEvents = YES;
				INFOPLIST_KEY_UILaunchScreen_Generation = YES;
				INFOPLIST_KEY_UISupportedInterfaceOrientations_iPad = "UIInterfaceOrientationPortrait UIInterfaceOrientationPortraitUpsideDown UIInterfaceOrientationLandscapeLeft UIInterfaceOrientationLandscapeRight";
				INFOPLIST_KEY_UISupportedInterfaceOrientations_iPhone = "UIInterfaceOrientationPortrait UIInterfaceOrientationLandscapeLeft UIInterfaceOrientationLandscapeRight";
				LD_RUNPATH_SEARCH_PATHS = (
					"$(inherited)",
					"@executable_path/Frameworks",
				);
				MARKETING_VERSION = 1.0;
				PRODUCT_BUNDLE_IDENTIFIER = com.ccp.comm.demo.QuranApp;
				PRODUCT_NAME = "$(TARGET_NAME)";
				SWIFT_EMIT_LOC_STRINGS = YES;
				SWIFT_VERSION = 5.0;
				TARGETED_DEVICE_FAMILY = "1,2";
			};
			name = Release;
		};
		E96344152B289846005F82BF /* Debug */ = {
			isa = XCBuildConfiguration;
			buildSettings = {
				ALWAYS_EMBED_SWIFT_STANDARD_LIBRARIES = YES;
				BUNDLE_LOADER = "$(TEST_HOST)";
				CODE_SIGN_STYLE = Automatic;
				CURRENT_PROJECT_VERSION = 1;
				DEVELOPMENT_TEAM = 5QKQYBS38P;
				GENERATE_INFOPLIST_FILE = YES;
				IPHONEOS_DEPLOYMENT_TARGET = 17.0;
				MARKETING_VERSION = 1.0;
				PRODUCT_BUNDLE_IDENTIFIER = com.ccp.comm.demo.QuranAppTests;
				PRODUCT_NAME = "$(TARGET_NAME)";
				SWIFT_EMIT_LOC_STRINGS = NO;
				SWIFT_VERSION = 5.0;
				TARGETED_DEVICE_FAMILY = "1,2";
				TEST_HOST = "$(BUILT_PRODUCTS_DIR)/QuranApp.app/$(BUNDLE_EXECUTABLE_FOLDER_PATH)/QuranApp";
			};
			name = Debug;
		};
		E96344162B289846005F82BF /* Release */ = {
			isa = XCBuildConfiguration;
			buildSettings = {
				ALWAYS_EMBED_SWIFT_STANDARD_LIBRARIES = YES;
				BUNDLE_LOADER = "$(TEST_HOST)";
				CODE_SIGN_STYLE = Automatic;
				CURRENT_PROJECT_VERSION = 1;
				DEVELOPMENT_TEAM = 5QKQYBS38P;
				GENERATE_INFOPLIST_FILE = YES;
				IPHONEOS_DEPLOYMENT_TARGET = 17.0;
				MARKETING_VERSION = 1.0;
				PRODUCT_BUNDLE_IDENTIFIER = com.ccp.comm.demo.QuranAppTests;
				PRODUCT_NAME = "$(TARGET_NAME)";
				SWIFT_EMIT_LOC_STRINGS = NO;
				SWIFT_VERSION = 5.0;
				TARGETED_DEVICE_FAMILY = "1,2";
				TEST_HOST = "$(BUILT_PRODUCTS_DIR)/QuranApp.app/$(BUNDLE_EXECUTABLE_FOLDER_PATH)/QuranApp";
			};
			name = Release;
		};
		E96344182B289846005F82BF /* Debug */ = {
			isa = XCBuildConfiguration;
			buildSettings = {
				ALWAYS_EMBED_SWIFT_STANDARD_LIBRARIES = YES;
				CODE_SIGN_STYLE = Automatic;
				CURRENT_PROJECT_VERSION = 1;
				DEVELOPMENT_TEAM = 5QKQYBS38P;
				GENERATE_INFOPLIST_FILE = YES;
				MARKETING_VERSION = 1.0;
				PRODUCT_BUNDLE_IDENTIFIER = com.ccp.comm.demo.QuranAppUITests;
				PRODUCT_NAME = "$(TARGET_NAME)";
				SWIFT_EMIT_LOC_STRINGS = NO;
				SWIFT_VERSION = 5.0;
				TARGETED_DEVICE_FAMILY = "1,2";
				TEST_TARGET_NAME = QuranApp;
			};
			name = Debug;
		};
		E96344192B289846005F82BF /* Release */ = {
			isa = XCBuildConfiguration;
			buildSettings = {
				ALWAYS_EMBED_SWIFT_STANDARD_LIBRARIES = YES;
				CODE_SIGN_STYLE = Automatic;
				CURRENT_PROJECT_VERSION = 1;
				DEVELOPMENT_TEAM = 5QKQYBS38P;
				GENERATE_INFOPLIST_FILE = YES;
				MARKETING_VERSION = 1.0;
				PRODUCT_BUNDLE_IDENTIFIER = com.ccp.comm.demo.QuranAppUITests;
				PRODUCT_NAME = "$(TARGET_NAME)";
				SWIFT_EMIT_LOC_STRINGS = NO;
				SWIFT_VERSION = 5.0;
				TARGETED_DEVICE_FAMILY = "1,2";
				TEST_TARGET_NAME = QuranApp;
			};
			name = Release;
		};
/* End XCBuildConfiguration section */

/* Begin XCConfigurationList section */
		E96343E62B289845005F82BF /* Build configuration list for PBXProject "QuranApp" */ = {
			isa = XCConfigurationList;
			buildConfigurations = (
				E963440F2B289846005F82BF /* Debug */,
				E96344102B289846005F82BF /* Release */,
			);
			defaultConfigurationIsVisible = 0;
			defaultConfigurationName = Release;
		};
		E96344112B289846005F82BF /* Build configuration list for PBXNativeTarget "QuranApp" */ = {
			isa = XCConfigurationList;
			buildConfigurations = (
				E96344122B289846005F82BF /* Debug */,
				E96344132B289846005F82BF /* Release */,
			);
			defaultConfigurationIsVisible = 0;
			defaultConfigurationName = Release;
		};
		E96344142B289846005F82BF /* Build configuration list for PBXNativeTarget "QuranAppTests" */ = {
			isa = XCConfigurationList;
			buildConfigurations = (
				E96344152B289846005F82BF /* Debug */,
				E96344162B289846005F82BF /* Release */,
			);
			defaultConfigurationIsVisible = 0;
			defaultConfigurationName = Release;
		};
		E96344172B289846005F82BF /* Build configuration list for PBXNativeTarget "QuranAppUITests" */ = {
			isa = XCConfigurationList;
			buildConfigurations = (
				E96344182B289846005F82BF /* Debug */,
				E96344192B289846005F82BF /* Release */,
			);
			defaultConfigurationIsVisible = 0;
			defaultConfigurationName = Release;
		};
/* End XCConfigurationList section */
	};
	rootObject = E96343E32B289845005F82BF /* Project object */;
}
